
Microsoft Visual Studio Solution File, Format Version 12.00
# Visual Studio Version 17
VisualStudioVersion = 17.6.33723.286
MinimumVisualStudioVersion = 10.0.40219.1
Project("{FAE04EC0-301F-11D3-BF4B-00C04F79EFBC}") = "reviewLogic", "reviewLogic\reviewLogic.csproj", "{30CE699A-0EFD-4A03-864A-87275A523FC2}"
EndProject
Global
	GlobalSection(SolutionConfigurationPlatforms) = preSolution
		Debug|Any CPU = Debug|Any CPU
		Release|Any CPU = Release|Any CPU
	EndGlobalSection
	GlobalSection(ProjectConfigurationPlatforms) = postSolution
		{30CE699A-0EFD-4A03-864A-87275A523FC2}.Debug|Any CPU.ActiveCfg = Debug|Any CPU
		{30CE699A-0EFD-4A03-864A-87275A523FC2}.Debug|Any CPU.Build.0 = Debug|Any CPU
		{30CE699A-0EFD-4A03-864A-87275A523FC2}.Release|Any CPU.ActiveCfg = Release|Any CPU
		{30CE699A-0EFD-4A03-864A-87275A523FC2}.Release|Any CPU.Build.0 = Release|Any CPU
	EndGlobalSection
	GlobalSection(SolutionProperties) = preSolution
		HideSolutionNode = FALSE
	EndGlobalSection
	GlobalSection(ExtensibilityGlobals) = postSolution
		SolutionGuid = {B9DB221E-FDD7-4616-A102-7A0B4B93E3F5}
	EndGlobalSection
EndGlobal
