
Microsoft Visual Studio Solution File, Format Version 12.00
# Visual Studio Version 17
VisualStudioVersion = 17.6.33723.286
MinimumVisualStudioVersion = 10.0.40219.1
Project("{FAE04EC0-301F-11D3-BF4B-00C04F79EFBC}") = "hackerank-day1", "hackerank-day1\hackerank-day1.csproj", "{CE27AF5A-9474-447C-A4B8-F279E9561D82}"
EndProject
Global
	GlobalSection(SolutionConfigurationPlatforms) = preSolution
		Debug|Any CPU = Debug|Any CPU
		Release|Any CPU = Release|Any CPU
	EndGlobalSection
	GlobalSection(ProjectConfigurationPlatforms) = postSolution
		{CE27AF5A-9474-447C-A4B8-F279E9561D82}.Debug|Any CPU.ActiveCfg = Debug|Any CPU
		{CE27AF5A-9474-447C-A4B8-F279E9561D82}.Debug|Any CPU.Build.0 = Debug|Any CPU
		{CE27AF5A-9474-447C-A4B8-F279E9561D82}.Release|Any CPU.ActiveCfg = Release|Any CPU
		{CE27AF5A-9474-447C-A4B8-F279E9561D82}.Release|Any CPU.Build.0 = Release|Any CPU
	EndGlobalSection
	GlobalSection(SolutionProperties) = preSolution
		HideSolutionNode = FALSE
	EndGlobalSection
	GlobalSection(ExtensibilityGlobals) = postSolution
		SolutionGuid = {D53FB9A2-72F3-45D2-BB0D-9FCAE5C300D2}
	EndGlobalSection
EndGlobal
