
Microsoft Visual Studio Solution File, Format Version 12.00
# Visual Studio Version 17
VisualStudioVersion = 17.6.33723.286
MinimumVisualStudioVersion = 10.0.40219.1
Project("{FAE04EC0-301F-11D3-BF4B-00C04F79EFBC}") = "logic07-PR", "logic07-PR\logic07-PR.csproj", "{78BE64F8-186D-4894-AED8-44B20A32D07A}"
EndProject
Global
	GlobalSection(SolutionConfigurationPlatforms) = preSolution
		Debug|Any CPU = Debug|Any CPU
		Release|Any CPU = Release|Any CPU
	EndGlobalSection
	GlobalSection(ProjectConfigurationPlatforms) = postSolution
		{78BE64F8-186D-4894-AED8-44B20A32D07A}.Debug|Any CPU.ActiveCfg = Debug|Any CPU
		{78BE64F8-186D-4894-AED8-44B20A32D07A}.Debug|Any CPU.Build.0 = Debug|Any CPU
		{78BE64F8-186D-4894-AED8-44B20A32D07A}.Release|Any CPU.ActiveCfg = Release|Any CPU
		{78BE64F8-186D-4894-AED8-44B20A32D07A}.Release|Any CPU.Build.0 = Release|Any CPU
	EndGlobalSection
	GlobalSection(SolutionProperties) = preSolution
		HideSolutionNode = FALSE
	EndGlobalSection
	GlobalSection(ExtensibilityGlobals) = postSolution
		SolutionGuid = {C482947A-FC07-4F92-B498-511C51A33C4B}
	EndGlobalSection
EndGlobal
