
Microsoft Visual Studio Solution File, Format Version 12.00
# Visual Studio Version 17
VisualStudioVersion = 17.6.33723.286
MinimumVisualStudioVersion = 10.0.40219.1
Project("{FAE04EC0-301F-11D3-BF4B-00C04F79EFBC}") = "kuis04", "kuis04\kuis04.csproj", "{6F255BA5-1281-42C3-A271-B0F347F1BA3D}"
EndProject
Global
	GlobalSection(SolutionConfigurationPlatforms) = preSolution
		Debug|Any CPU = Debug|Any CPU
		Release|Any CPU = Release|Any CPU
	EndGlobalSection
	GlobalSection(ProjectConfigurationPlatforms) = postSolution
		{6F255BA5-1281-42C3-A271-B0F347F1BA3D}.Debug|Any CPU.ActiveCfg = Debug|Any CPU
		{6F255BA5-1281-42C3-A271-B0F347F1BA3D}.Debug|Any CPU.Build.0 = Debug|Any CPU
		{6F255BA5-1281-42C3-A271-B0F347F1BA3D}.Release|Any CPU.ActiveCfg = Release|Any CPU
		{6F255BA5-1281-42C3-A271-B0F347F1BA3D}.Release|Any CPU.Build.0 = Release|Any CPU
	EndGlobalSection
	GlobalSection(SolutionProperties) = preSolution
		HideSolutionNode = FALSE
	EndGlobalSection
	GlobalSection(ExtensibilityGlobals) = postSolution
		SolutionGuid = {C6CBB3E3-BFA5-4A4D-92D4-586313B609FC}
	EndGlobalSection
EndGlobal
