
Microsoft Visual Studio Solution File, Format Version 12.00
# Visual Studio Version 17
VisualStudioVersion = 17.6.33723.286
MinimumVisualStudioVersion = 10.0.40219.1
Project("{FAE04EC0-301F-11D3-BF4B-00C04F79EFBC}") = "logic04", "logic04\logic04.csproj", "{925D37AB-6779-4BEB-BA8C-34765F99120A}"
EndProject
Global
	GlobalSection(SolutionConfigurationPlatforms) = preSolution
		Debug|Any CPU = Debug|Any CPU
		Release|Any CPU = Release|Any CPU
	EndGlobalSection
	GlobalSection(ProjectConfigurationPlatforms) = postSolution
		{925D37AB-6779-4BEB-BA8C-34765F99120A}.Debug|Any CPU.ActiveCfg = Debug|Any CPU
		{925D37AB-6779-4BEB-BA8C-34765F99120A}.Debug|Any CPU.Build.0 = Debug|Any CPU
		{925D37AB-6779-4BEB-BA8C-34765F99120A}.Release|Any CPU.ActiveCfg = Release|Any CPU
		{925D37AB-6779-4BEB-BA8C-34765F99120A}.Release|Any CPU.Build.0 = Release|Any CPU
	EndGlobalSection
	GlobalSection(SolutionProperties) = preSolution
		HideSolutionNode = FALSE
	EndGlobalSection
	GlobalSection(ExtensibilityGlobals) = postSolution
		SolutionGuid = {2A1058D2-679E-4707-BE7B-96364F192A69}
	EndGlobalSection
EndGlobal
