
Microsoft Visual Studio Solution File, Format Version 12.00
# Visual Studio Version 17
VisualStudioVersion = 17.6.33723.286
MinimumVisualStudioVersion = 10.0.40219.1
Project("{FAE04EC0-301F-11D3-BF4B-00C04F79EFBC}") = "logic06", "logic06\logic06.csproj", "{8CF2112C-7D9B-4340-AB34-5F72BF6CF8DB}"
EndProject
Global
	GlobalSection(SolutionConfigurationPlatforms) = preSolution
		Debug|Any CPU = Debug|Any CPU
		Release|Any CPU = Release|Any CPU
	EndGlobalSection
	GlobalSection(ProjectConfigurationPlatforms) = postSolution
		{8CF2112C-7D9B-4340-AB34-5F72BF6CF8DB}.Debug|Any CPU.ActiveCfg = Debug|Any CPU
		{8CF2112C-7D9B-4340-AB34-5F72BF6CF8DB}.Debug|Any CPU.Build.0 = Debug|Any CPU
		{8CF2112C-7D9B-4340-AB34-5F72BF6CF8DB}.Release|Any CPU.ActiveCfg = Release|Any CPU
		{8CF2112C-7D9B-4340-AB34-5F72BF6CF8DB}.Release|Any CPU.Build.0 = Release|Any CPU
	EndGlobalSection
	GlobalSection(SolutionProperties) = preSolution
		HideSolutionNode = FALSE
	EndGlobalSection
	GlobalSection(ExtensibilityGlobals) = postSolution
		SolutionGuid = {31238FE0-D3E5-4E6C-BE07-7E04345E583D}
	EndGlobalSection
EndGlobal
