
Microsoft Visual Studio Solution File, Format Version 12.00
# Visual Studio Version 17
VisualStudioVersion = 17.6.33723.286
MinimumVisualStudioVersion = 10.0.40219.1
Project("{FAE04EC0-301F-11D3-BF4B-00C04F79EFBC}") = "kuis007", "kuis007\kuis007.csproj", "{CFC9082A-8B73-4195-B43A-D1F469C7EE58}"
EndProject
Global
	GlobalSection(SolutionConfigurationPlatforms) = preSolution
		Debug|Any CPU = Debug|Any CPU
		Release|Any CPU = Release|Any CPU
	EndGlobalSection
	GlobalSection(ProjectConfigurationPlatforms) = postSolution
		{CFC9082A-8B73-4195-B43A-D1F469C7EE58}.Debug|Any CPU.ActiveCfg = Debug|Any CPU
		{CFC9082A-8B73-4195-B43A-D1F469C7EE58}.Debug|Any CPU.Build.0 = Debug|Any CPU
		{CFC9082A-8B73-4195-B43A-D1F469C7EE58}.Release|Any CPU.ActiveCfg = Release|Any CPU
		{CFC9082A-8B73-4195-B43A-D1F469C7EE58}.Release|Any CPU.Build.0 = Release|Any CPU
	EndGlobalSection
	GlobalSection(SolutionProperties) = preSolution
		HideSolutionNode = FALSE
	EndGlobalSection
	GlobalSection(ExtensibilityGlobals) = postSolution
		SolutionGuid = {AEA46ABC-5790-422B-B09E-C16651B44B71}
	EndGlobalSection
EndGlobal
